
Microsoft Visual Studio Solution File, Format Version 12.00
# Visual Studio Version 16
VisualStudioVersion = 16.0.33529.622
MinimumVisualStudioVersion = 10.0.40219.1
Project("{FAE04EC0-301F-11D3-BF4B-00C04F79EFBC}") = "SyncMonitorClient", "SyncMonitorClient\SyncMonitorClient.csproj", "{767EDE4B-6C9A-429B-B8FF-4CB2BF53A21A}"
EndProject
Global
	GlobalSection(SolutionConfigurationPlatforms) = preSolution
		Debug|Any CPU = Debug|Any CPU
		Release|Any CPU = Release|Any CPU
	EndGlobalSection
	GlobalSection(ProjectConfigurationPlatforms) = postSolution
		{767EDE4B-6C9A-429B-B8FF-4CB2BF53A21A}.Debug|Any CPU.ActiveCfg = Debug|Any CPU
		{767EDE4B-6C9A-429B-B8FF-4CB2BF53A21A}.Debug|Any CPU.Build.0 = Debug|Any CPU
		{767EDE4B-6C9A-429B-B8FF-4CB2BF53A21A}.Release|Any CPU.ActiveCfg = Release|Any CPU
		{767EDE4B-6C9A-429B-B8FF-4CB2BF53A21A}.Release|Any CPU.Build.0 = Release|Any CPU
	EndGlobalSection
	GlobalSection(SolutionProperties) = preSolution
		HideSolutionNode = FALSE
	EndGlobalSection
	GlobalSection(ExtensibilityGlobals) = postSolution
		SolutionGuid = {8F917CA8-09BA-408D-88C6-A4FC6EBB4E93}
	EndGlobalSection
EndGlobal
